
Microsoft Visual Studio Solution File, Format Version 12.00
# Visual Studio Version 17
VisualStudioVersion = 17.12.35707.178 d17.12
MinimumVisualStudioVersion = 10.0.40219.1
Project("{00D1A9C2-B5F0-4AF3-8072-F6C62B433612}") = "ticket_system_database", "ticket_system_database\ticket_system_database.sqlproj", "{D7FC2FF0-F138-4459-9561-E7CBCBBD658D}"
EndProject
Project("{FAE04EC0-301F-11D3-BF4B-00C04F79EFBC}") = "ticket_system_web_app", "ticket_system_web_app\ticket_system_web_app.csproj", "{3173442D-F16C-4305-AEAB-EF47F6899848}"
EndProject
Global
	GlobalSection(SolutionConfigurationPlatforms) = preSolution
		Debug|Any CPU = Debug|Any CPU
		Release|Any CPU = Release|Any CPU
	EndGlobalSection
	GlobalSection(ProjectConfigurationPlatforms) = postSolution
		{D7FC2FF0-F138-4459-9561-E7CBCBBD658D}.Debug|Any CPU.ActiveCfg = Debug|Any CPU
		{D7FC2FF0-F138-4459-9561-E7CBCBBD658D}.Debug|Any CPU.Build.0 = Debug|Any CPU
		{D7FC2FF0-F138-4459-9561-E7CBCBBD658D}.Debug|Any CPU.Deploy.0 = Debug|Any CPU
		{D7FC2FF0-F138-4459-9561-E7CBCBBD658D}.Release|Any CPU.ActiveCfg = Release|Any CPU
		{D7FC2FF0-F138-4459-9561-E7CBCBBD658D}.Release|Any CPU.Build.0 = Release|Any CPU
		{D7FC2FF0-F138-4459-9561-E7CBCBBD658D}.Release|Any CPU.Deploy.0 = Release|Any CPU
		{3173442D-F16C-4305-AEAB-EF47F6899848}.Debug|Any CPU.ActiveCfg = Debug|Any CPU
		{3173442D-F16C-4305-AEAB-EF47F6899848}.Debug|Any CPU.Build.0 = Debug|Any CPU
		{3173442D-F16C-4305-AEAB-EF47F6899848}.Release|Any CPU.ActiveCfg = Release|Any CPU
		{3173442D-F16C-4305-AEAB-EF47F6899848}.Release|Any CPU.Build.0 = Release|Any CPU
	EndGlobalSection
	GlobalSection(SolutionProperties) = preSolution
		HideSolutionNode = FALSE
	EndGlobalSection
EndGlobal
